
Microsoft Visual Studio Solution File, Format Version 12.00
# Visual Studio 15
VisualStudioVersion = 15.0.27703.2035
MinimumVisualStudioVersion = 10.0.40219.1
Project("{9A19103F-16F7-4668-BE54-9A1E7A4F7556}") = "CemeteryApp", "Cemetery\CemeteryApp.csproj", "{AA00F5C1-2DED-45E9-8D55-633B12AB7CFC}"
EndProject
Global
	GlobalSection(SolutionConfigurationPlatforms) = preSolution
		Debug|Any CPU = Debug|Any CPU
		Release|Any CPU = Release|Any CPU
	EndGlobalSection
	GlobalSection(ProjectConfigurationPlatforms) = postSolution
		{AA00F5C1-2DED-45E9-8D55-633B12AB7CFC}.Debug|Any CPU.ActiveCfg = Debug|Any CPU
		{AA00F5C1-2DED-45E9-8D55-633B12AB7CFC}.Debug|Any CPU.Build.0 = Debug|Any CPU
		{AA00F5C1-2DED-45E9-8D55-633B12AB7CFC}.Release|Any CPU.ActiveCfg = Release|Any CPU
		{AA00F5C1-2DED-45E9-8D55-633B12AB7CFC}.Release|Any CPU.Build.0 = Release|Any CPU
	EndGlobalSection
	GlobalSection(SolutionProperties) = preSolution
		HideSolutionNode = FALSE
	EndGlobalSection
	GlobalSection(ExtensibilityGlobals) = postSolution
		SolutionGuid = {11106E1B-6F9C-4D6F-832D-467A47A7C2FE}
	EndGlobalSection
EndGlobal
